// !$*UTF8*$!
{
	archiveVersion = 1;
	classes = {
	};
	objectVersion = 56;
	objects = {

/* Begin PBXBuildFile section */
		5D054A0F29992E9C00CCF4F5 /* CoreDataManager.swift in Sources */ = {isa = PBXBuildFile; fileRef = 5D054A0E29992E9C00CCF4F5 /* CoreDataManager.swift */; };
		5D054A132999315E00CCF4F5 /* FavoritePostService.swift in Sources */ = {isa = PBXBuildFile; fileRef = 5D054A122999315E00CCF4F5 /* FavoritePostService.swift */; };
		5D054A152999382500CCF4F5 /* Array+Extension.swift in Sources */ = {isa = PBXBuildFile; fileRef = 5D054A142999382500CCF4F5 /* Array+Extension.swift */; };
		5D054A1729993F9800CCF4F5 /* CoreDataStackInMemory.swift in Sources */ = {isa = PBXBuildFile; fileRef = 5D054A1629993F9800CCF4F5 /* CoreDataStackInMemory.swift */; };
		5D054A1929993FC300CCF4F5 /* InMemoryCoreDataSaveFavoriteTest.swift in Sources */ = {isa = PBXBuildFile; fileRef = 5D054A1829993FC300CCF4F5 /* InMemoryCoreDataSaveFavoriteTest.swift */; };
		5D054A1B29996B2100CCF4F5 /* UINavigationControllerMock.swift in Sources */ = {isa = PBXBuildFile; fileRef = 5D054A1A29996B2100CCF4F5 /* UINavigationControllerMock.swift */; };
		5D054A1E2999A82500CCF4F5 /* LoginViewViewModel.swift in Sources */ = {isa = PBXBuildFile; fileRef = 5D054A1D2999A82500CCF4F5 /* LoginViewViewModel.swift */; };
		5D054A212999AA7000CCF4F5 /* LoginViewViewModelTest.swift in Sources */ = {isa = PBXBuildFile; fileRef = 5D054A202999AA7000CCF4F5 /* LoginViewViewModelTest.swift */; };
		5D054A232999AD1600CCF4F5 /* LoginViewControllerTest.swift in Sources */ = {isa = PBXBuildFile; fileRef = 5D054A222999AD1600CCF4F5 /* LoginViewControllerTest.swift */; };
		5D054A282999B3F600CCF4F5 /* CommentsViewViewModel.swift in Sources */ = {isa = PBXBuildFile; fileRef = 5D054A272999B3F600CCF4F5 /* CommentsViewViewModel.swift */; };
		5D054A2A2999B40200CCF4F5 /* CommentModel.swift in Sources */ = {isa = PBXBuildFile; fileRef = 5D054A292999B40200CCF4F5 /* CommentModel.swift */; };
		5D054A2C2999B41700CCF4F5 /* CommentsViewController.swift in Sources */ = {isa = PBXBuildFile; fileRef = 5D054A2B2999B41700CCF4F5 /* CommentsViewController.swift */; };
		5D4E80692998445300D5745B /* PostsViewViewModel.swift in Sources */ = {isa = PBXBuildFile; fileRef = 5D4E80682998445300D5745B /* PostsViewViewModel.swift */; };
		5D4E806B299845C800D5745B /* PostModel.swift in Sources */ = {isa = PBXBuildFile; fileRef = 5D4E806A299845C800D5745B /* PostModel.swift */; };
		5D4E806D2998495F00D5745B /* PostListViewController.swift in Sources */ = {isa = PBXBuildFile; fileRef = 5D4E806C2998495F00D5745B /* PostListViewController.swift */; };
		5D4E806F29984A1800D5745B /* PostViewModelItem.swift in Sources */ = {isa = PBXBuildFile; fileRef = 5D4E806E29984A1800D5745B /* PostViewModelItem.swift */; };
		5D4E807229984D3700D5745B /* BaseTableViewCell.swift in Sources */ = {isa = PBXBuildFile; fileRef = 5D4E807129984D3700D5745B /* BaseTableViewCell.swift */; };
		5D4E807429984D7500D5745B /* PostTableViewCell.swift in Sources */ = {isa = PBXBuildFile; fileRef = 5D4E807329984D7500D5745B /* PostTableViewCell.swift */; };
		5D4E807829985F1300D5745B /* PostListViewControllerTest.swift in Sources */ = {isa = PBXBuildFile; fileRef = 5D4E807729985F1300D5745B /* PostListViewControllerTest.swift */; };
		5D4E807A299863C300D5745B /* UIFont+Extension.swift in Sources */ = {isa = PBXBuildFile; fileRef = 5D4E8079299863C300D5745B /* UIFont+Extension.swift */; };
		5D4E807C2998708F00D5745B /* UIViewController+Extension.swift in Sources */ = {isa = PBXBuildFile; fileRef = 5D4E807B2998708F00D5745B /* UIViewController+Extension.swift */; };
		5D4E807F29987BA400D5745B /* UIViewControllerExtensionTest.swift in Sources */ = {isa = PBXBuildFile; fileRef = 5D4E807E29987BA400D5745B /* UIViewControllerExtensionTest.swift */; };
		5D4E808129987BB700D5745B /* StringExtensionTest.swift in Sources */ = {isa = PBXBuildFile; fileRef = 5D4E808029987BB700D5745B /* StringExtensionTest.swift */; };
		5D52CF87299AFAF100127AC3 /* PostViewViewModelTest.swift in Sources */ = {isa = PBXBuildFile; fileRef = 5D52CF86299AFAF100127AC3 /* PostViewViewModelTest.swift */; };
		5D59A66A2997CDDE007FA87C /* AppDelegate.swift in Sources */ = {isa = PBXBuildFile; fileRef = 5D59A6692997CDDE007FA87C /* AppDelegate.swift */; };
		5D59A66C2997CDDE007FA87C /* SceneDelegate.swift in Sources */ = {isa = PBXBuildFile; fileRef = 5D59A66B2997CDDE007FA87C /* SceneDelegate.swift */; };
		5D59A66E2997CDDE007FA87C /* LoginViewController.swift in Sources */ = {isa = PBXBuildFile; fileRef = 5D59A66D2997CDDE007FA87C /* LoginViewController.swift */; };
		5D59A6742997CDDE007FA87C /* DeutscheBank.xcdatamodeld in Sources */ = {isa = PBXBuildFile; fileRef = 5D59A6722997CDDE007FA87C /* DeutscheBank.xcdatamodeld */; };
		5D59A6762997CDDF007FA87C /* Assets.xcassets in Resources */ = {isa = PBXBuildFile; fileRef = 5D59A6752997CDDF007FA87C /* Assets.xcassets */; };
		5D59A6792997CDDF007FA87C /* LaunchScreen.storyboard in Resources */ = {isa = PBXBuildFile; fileRef = 5D59A6772997CDDF007FA87C /* LaunchScreen.storyboard */; };
		5D59A68E2997CDDF007FA87C /* DeutscheBankUITests.swift in Sources */ = {isa = PBXBuildFile; fileRef = 5D59A68D2997CDDF007FA87C /* DeutscheBankUITests.swift */; };
		5D59A6902997CDDF007FA87C /* DeutscheBankUITestsLaunchTests.swift in Sources */ = {isa = PBXBuildFile; fileRef = 5D59A68F2997CDDF007FA87C /* DeutscheBankUITestsLaunchTests.swift */; };
		5D59A6A02997D045007FA87C /* AppCoordinator.swift in Sources */ = {isa = PBXBuildFile; fileRef = 5D59A69F2997D045007FA87C /* AppCoordinator.swift */; };
		5D59A6A62997D325007FA87C /* LoginUserModel.swift in Sources */ = {isa = PBXBuildFile; fileRef = 5D59A6A52997D325007FA87C /* LoginUserModel.swift */; };
		5D59A6A92997D3DF007FA87C /* UITextField+Extension.swift in Sources */ = {isa = PBXBuildFile; fileRef = 5D59A6A82997D3DF007FA87C /* UITextField+Extension.swift */; };
		5D59A6AB2997D5FE007FA87C /* UIView+Extension.swift in Sources */ = {isa = PBXBuildFile; fileRef = 5D59A6AA2997D5FE007FA87C /* UIView+Extension.swift */; };
		5D59A6AE2997DACF007FA87C /* AppConstants.swift in Sources */ = {isa = PBXBuildFile; fileRef = 5D59A6AD2997DACF007FA87C /* AppConstants.swift */; };
		5D59A6B02997E1A8007FA87C /* Color+Extension.swift in Sources */ = {isa = PBXBuildFile; fileRef = 5D59A6AF2997E1A7007FA87C /* Color+Extension.swift */; };
		5D59A6B22997E882007FA87C /* AppCoordinatorTest.swift in Sources */ = {isa = PBXBuildFile; fileRef = 5D59A6B12997E882007FA87C /* AppCoordinatorTest.swift */; };
		5D59A6BA2997EC40007FA87C /* String+Extension.swift in Sources */ = {isa = PBXBuildFile; fileRef = 5D59A6B92997EC40007FA87C /* String+Extension.swift */; };
		5D59A6BD29980865007FA87C /* APIManager.swift in Sources */ = {isa = PBXBuildFile; fileRef = 5D59A6BC29980865007FA87C /* APIManager.swift */; };
		5D59A6BF299808C3007FA87C /* HTTPServiceMethod.swift in Sources */ = {isa = PBXBuildFile; fileRef = 5D59A6BE299808C3007FA87C /* HTTPServiceMethod.swift */; };
		5D59A6C3299808EE007FA87C /* URLRequest+Extension.swift in Sources */ = {isa = PBXBuildFile; fileRef = 5D59A6C2299808EE007FA87C /* URLRequest+Extension.swift */; };
		5D59A6C52998095C007FA87C /* APIManagerError.swift in Sources */ = {isa = PBXBuildFile; fileRef = 5D59A6C42998095C007FA87C /* APIManagerError.swift */; };
		5D59A6C7299809A0007FA87C /* HTTPURLResponse+Extension.swift in Sources */ = {isa = PBXBuildFile; fileRef = 5D59A6C6299809A0007FA87C /* HTTPURLResponse+Extension.swift */; };
		5D59A6CA29980C68007FA87C /* NetworkRequest.swift in Sources */ = {isa = PBXBuildFile; fileRef = 5D59A6C929980C68007FA87C /* NetworkRequest.swift */; };
		5D59A6CC29980CAB007FA87C /* Dictionary+Extension.swift in Sources */ = {isa = PBXBuildFile; fileRef = 5D59A6CB29980CAB007FA87C /* Dictionary+Extension.swift */; };
		5D59A6CE29980D20007FA87C /* ServiceEndPoint.swift in Sources */ = {isa = PBXBuildFile; fileRef = 5D59A6CD29980D20007FA87C /* ServiceEndPoint.swift */; };
		5D59A6D02998104B007FA87C /* NetworkRequestTest.swift in Sources */ = {isa = PBXBuildFile; fileRef = 5D59A6CF2998104B007FA87C /* NetworkRequestTest.swift */; };
		5D59A6D32998106D007FA87C /* MockServiceEndPoint.swift in Sources */ = {isa = PBXBuildFile; fileRef = 5D59A6D22998106D007FA87C /* MockServiceEndPoint.swift */; };
		5D59A6D5299810A8007FA87C /* MockNetworkRequestPostFailure.swift in Sources */ = {isa = PBXBuildFile; fileRef = 5D59A6D4299810A8007FA87C /* MockNetworkRequestPostFailure.swift */; };
		5D5B18E3299BE3BE00549750 /* CommentsViewViewModelTest.swift in Sources */ = {isa = PBXBuildFile; fileRef = 5D5B18E2299BE3BE00549750 /* CommentsViewViewModelTest.swift */; };
		5D5B18E5299BE42600549750 /* MockNetworkRequestCommentsSuccess.swift in Sources */ = {isa = PBXBuildFile; fileRef = 5D5B18E4299BE42600549750 /* MockNetworkRequestCommentsSuccess.swift */; };
		5D5B18E7299BE48D00549750 /* Comments.json in Resources */ = {isa = PBXBuildFile; fileRef = 5D5B18E6299BE48D00549750 /* Comments.json */; };
		5D5B18E9299BEAE700549750 /* MockNetworkRequestCommentsFailure.swift in Sources */ = {isa = PBXBuildFile; fileRef = 5D5B18E8299BEAE700549750 /* MockNetworkRequestCommentsFailure.swift */; };
		5D5B18EB299BF10D00549750 /* CommentsViewControllerTest.swift in Sources */ = {isa = PBXBuildFile; fileRef = 5D5B18EA299BF10D00549750 /* CommentsViewControllerTest.swift */; };
		5DF0FC49299A6C7000D2ED02 /* CommentsViewViewModelItem.swift in Sources */ = {isa = PBXBuildFile; fileRef = 5DF0FC48299A6C7000D2ED02 /* CommentsViewViewModelItem.swift */; };
		5DF0FC4B299A722D00D2ED02 /* BaseViewController.swift in Sources */ = {isa = PBXBuildFile; fileRef = 5DF0FC4A299A722D00D2ED02 /* BaseViewController.swift */; };
		5DF0FC4D299A748300D2ED02 /* CommentTableViewCell.swift in Sources */ = {isa = PBXBuildFile; fileRef = 5DF0FC4C299A748300D2ED02 /* CommentTableViewCell.swift */; };
		5DF0FC4F299A990200D2ED02 /* MockNetworkRequestPostSuccess.swift in Sources */ = {isa = PBXBuildFile; fileRef = 5DF0FC4E299A990200D2ED02 /* MockNetworkRequestPostSuccess.swift */; };
		5DF0FC51299A9D8900D2ED02 /* JSONLoader.swift in Sources */ = {isa = PBXBuildFile; fileRef = 5DF0FC50299A9D8900D2ED02 /* JSONLoader.swift */; };
		5DF0FC52299AA03300D2ED02 /* Posts.json in Resources */ = {isa = PBXBuildFile; fileRef = 5D4E808329987C2700D5745B /* Posts.json */; };
		5DF0FC54299AAC2B00D2ED02 /* MockNetworkRequestPostSuccessWithEmptyModel.swift in Sources */ = {isa = PBXBuildFile; fileRef = 5DF0FC53299AAC2B00D2ED02 /* MockNetworkRequestPostSuccessWithEmptyModel.swift */; };
/* End PBXBuildFile section */

/* Begin PBXContainerItemProxy section */
		5D59A6802997CDDF007FA87C /* PBXContainerItemProxy */ = {
			isa = PBXContainerItemProxy;
			containerPortal = 5D59A65E2997CDDE007FA87C /* Project object */;
			proxyType = 1;
			remoteGlobalIDString = 5D59A6652997CDDE007FA87C;
			remoteInfo = DeutscheBank;
		};
		5D59A68A2997CDDF007FA87C /* PBXContainerItemProxy */ = {
			isa = PBXContainerItemProxy;
			containerPortal = 5D59A65E2997CDDE007FA87C /* Project object */;
			proxyType = 1;
			remoteGlobalIDString = 5D59A6652997CDDE007FA87C;
			remoteInfo = DeutscheBank;
		};
/* End PBXContainerItemProxy section */

/* Begin PBXFileReference section */
		5D054A0E29992E9C00CCF4F5 /* CoreDataManager.swift */ = {isa = PBXFileReference; lastKnownFileType = sourcecode.swift; path = CoreDataManager.swift; sourceTree = "<group>"; };
		5D054A122999315E00CCF4F5 /* FavoritePostService.swift */ = {isa = PBXFileReference; lastKnownFileType = sourcecode.swift; path = FavoritePostService.swift; sourceTree = "<group>"; };
		5D054A142999382500CCF4F5 /* Array+Extension.swift */ = {isa = PBXFileReference; lastKnownFileType = sourcecode.swift; path = "Array+Extension.swift"; sourceTree = "<group>"; };
		5D054A1629993F9800CCF4F5 /* CoreDataStackInMemory.swift */ = {isa = PBXFileReference; lastKnownFileType = sourcecode.swift; path = CoreDataStackInMemory.swift; sourceTree = "<group>"; };
		5D054A1829993FC300CCF4F5 /* InMemoryCoreDataSaveFavoriteTest.swift */ = {isa = PBXFileReference; lastKnownFileType = sourcecode.swift; path = InMemoryCoreDataSaveFavoriteTest.swift; sourceTree = "<group>"; };
		5D054A1A29996B2100CCF4F5 /* UINavigationControllerMock.swift */ = {isa = PBXFileReference; lastKnownFileType = sourcecode.swift; path = UINavigationControllerMock.swift; sourceTree = "<group>"; };
		5D054A1D2999A82500CCF4F5 /* LoginViewViewModel.swift */ = {isa = PBXFileReference; lastKnownFileType = sourcecode.swift; path = LoginViewViewModel.swift; sourceTree = "<group>"; };
		5D054A202999AA7000CCF4F5 /* LoginViewViewModelTest.swift */ = {isa = PBXFileReference; lastKnownFileType = sourcecode.swift; path = LoginViewViewModelTest.swift; sourceTree = "<group>"; };
		5D054A222999AD1600CCF4F5 /* LoginViewControllerTest.swift */ = {isa = PBXFileReference; lastKnownFileType = sourcecode.swift; path = LoginViewControllerTest.swift; sourceTree = "<group>"; };
		5D054A272999B3F600CCF4F5 /* CommentsViewViewModel.swift */ = {isa = PBXFileReference; lastKnownFileType = sourcecode.swift; path = CommentsViewViewModel.swift; sourceTree = "<group>"; };
		5D054A292999B40200CCF4F5 /* CommentModel.swift */ = {isa = PBXFileReference; lastKnownFileType = sourcecode.swift; path = CommentModel.swift; sourceTree = "<group>"; };
		5D054A2B2999B41700CCF4F5 /* CommentsViewController.swift */ = {isa = PBXFileReference; lastKnownFileType = sourcecode.swift; path = CommentsViewController.swift; sourceTree = "<group>"; };
		5D4E80682998445300D5745B /* PostsViewViewModel.swift */ = {isa = PBXFileReference; lastKnownFileType = sourcecode.swift; path = PostsViewViewModel.swift; sourceTree = "<group>"; };
		5D4E806A299845C800D5745B /* PostModel.swift */ = {isa = PBXFileReference; lastKnownFileType = sourcecode.swift; path = PostModel.swift; sourceTree = "<group>"; };
		5D4E806C2998495F00D5745B /* PostListViewController.swift */ = {isa = PBXFileReference; lastKnownFileType = sourcecode.swift; path = PostListViewController.swift; sourceTree = "<group>"; };
		5D4E806E29984A1800D5745B /* PostViewModelItem.swift */ = {isa = PBXFileReference; lastKnownFileType = sourcecode.swift; path = PostViewModelItem.swift; sourceTree = "<group>"; };
		5D4E807129984D3700D5745B /* BaseTableViewCell.swift */ = {isa = PBXFileReference; lastKnownFileType = sourcecode.swift; path = BaseTableViewCell.swift; sourceTree = "<group>"; };
		5D4E807329984D7500D5745B /* PostTableViewCell.swift */ = {isa = PBXFileReference; lastKnownFileType = sourcecode.swift; path = PostTableViewCell.swift; sourceTree = "<group>"; };
		5D4E807729985F1300D5745B /* PostListViewControllerTest.swift */ = {isa = PBXFileReference; lastKnownFileType = sourcecode.swift; path = PostListViewControllerTest.swift; sourceTree = "<group>"; };
		5D4E8079299863C300D5745B /* UIFont+Extension.swift */ = {isa = PBXFileReference; lastKnownFileType = sourcecode.swift; path = "UIFont+Extension.swift"; sourceTree = "<group>"; };
		5D4E807B2998708F00D5745B /* UIViewController+Extension.swift */ = {isa = PBXFileReference; lastKnownFileType = sourcecode.swift; path = "UIViewController+Extension.swift"; sourceTree = "<group>"; };
		5D4E807E29987BA400D5745B /* UIViewControllerExtensionTest.swift */ = {isa = PBXFileReference; lastKnownFileType = sourcecode.swift; path = UIViewControllerExtensionTest.swift; sourceTree = "<group>"; };
		5D4E808029987BB700D5745B /* StringExtensionTest.swift */ = {isa = PBXFileReference; lastKnownFileType = sourcecode.swift; path = StringExtensionTest.swift; sourceTree = "<group>"; };
		5D4E808329987C2700D5745B /* Posts.json */ = {isa = PBXFileReference; lastKnownFileType = text.json; path = Posts.json; sourceTree = "<group>"; };
		5D52CF86299AFAF100127AC3 /* PostViewViewModelTest.swift */ = {isa = PBXFileReference; lastKnownFileType = sourcecode.swift; path = PostViewViewModelTest.swift; sourceTree = "<group>"; };
		5D59A6662997CDDE007FA87C /* DeutscheBank.app */ = {isa = PBXFileReference; explicitFileType = wrapper.application; includeInIndex = 0; path = DeutscheBank.app; sourceTree = BUILT_PRODUCTS_DIR; };
		5D59A6692997CDDE007FA87C /* AppDelegate.swift */ = {isa = PBXFileReference; lastKnownFileType = sourcecode.swift; path = AppDelegate.swift; sourceTree = "<group>"; };
		5D59A66B2997CDDE007FA87C /* SceneDelegate.swift */ = {isa = PBXFileReference; lastKnownFileType = sourcecode.swift; path = SceneDelegate.swift; sourceTree = "<group>"; };
		5D59A66D2997CDDE007FA87C /* LoginViewController.swift */ = {isa = PBXFileReference; lastKnownFileType = sourcecode.swift; path = LoginViewController.swift; sourceTree = "<group>"; };
		5D59A6732997CDDE007FA87C /* DeutscheBank.xcdatamodel */ = {isa = PBXFileReference; lastKnownFileType = wrapper.xcdatamodel; path = DeutscheBank.xcdatamodel; sourceTree = "<group>"; };
		5D59A6752997CDDF007FA87C /* Assets.xcassets */ = {isa = PBXFileReference; lastKnownFileType = folder.assetcatalog; path = Assets.xcassets; sourceTree = "<group>"; };
		5D59A6782997CDDF007FA87C /* Base */ = {isa = PBXFileReference; lastKnownFileType = file.storyboard; name = Base; path = Base.lproj/LaunchScreen.storyboard; sourceTree = "<group>"; };
		5D59A67A2997CDDF007FA87C /* Info.plist */ = {isa = PBXFileReference; lastKnownFileType = text.plist.xml; path = Info.plist; sourceTree = "<group>"; };
		5D59A67F2997CDDF007FA87C /* DeutscheBankTests.xctest */ = {isa = PBXFileReference; explicitFileType = wrapper.cfbundle; includeInIndex = 0; path = DeutscheBankTests.xctest; sourceTree = BUILT_PRODUCTS_DIR; };
		5D59A6892997CDDF007FA87C /* DeutscheBankUITests.xctest */ = {isa = PBXFileReference; explicitFileType = wrapper.cfbundle; includeInIndex = 0; path = DeutscheBankUITests.xctest; sourceTree = BUILT_PRODUCTS_DIR; };
		5D59A68D2997CDDF007FA87C /* DeutscheBankUITests.swift */ = {isa = PBXFileReference; lastKnownFileType = sourcecode.swift; path = DeutscheBankUITests.swift; sourceTree = "<group>"; };
		5D59A68F2997CDDF007FA87C /* DeutscheBankUITestsLaunchTests.swift */ = {isa = PBXFileReference; lastKnownFileType = sourcecode.swift; path = DeutscheBankUITestsLaunchTests.swift; sourceTree = "<group>"; };
		5D59A69F2997D045007FA87C /* AppCoordinator.swift */ = {isa = PBXFileReference; lastKnownFileType = sourcecode.swift; path = AppCoordinator.swift; sourceTree = "<group>"; };
		5D59A6A52997D325007FA87C /* LoginUserModel.swift */ = {isa = PBXFileReference; lastKnownFileType = sourcecode.swift; path = LoginUserModel.swift; sourceTree = "<group>"; };
		5D59A6A82997D3DF007FA87C /* UITextField+Extension.swift */ = {isa = PBXFileReference; lastKnownFileType = sourcecode.swift; path = "UITextField+Extension.swift"; sourceTree = "<group>"; };
		5D59A6AA2997D5FE007FA87C /* UIView+Extension.swift */ = {isa = PBXFileReference; lastKnownFileType = sourcecode.swift; path = "UIView+Extension.swift"; sourceTree = "<group>"; };
		5D59A6AD2997DACF007FA87C /* AppConstants.swift */ = {isa = PBXFileReference; lastKnownFileType = sourcecode.swift; path = AppConstants.swift; sourceTree = "<group>"; };
		5D59A6AF2997E1A7007FA87C /* Color+Extension.swift */ = {isa = PBXFileReference; lastKnownFileType = sourcecode.swift; path = "Color+Extension.swift"; sourceTree = "<group>"; };
		5D59A6B12997E882007FA87C /* AppCoordinatorTest.swift */ = {isa = PBXFileReference; lastKnownFileType = sourcecode.swift; path = AppCoordinatorTest.swift; sourceTree = "<group>"; };
		5D59A6B92997EC40007FA87C /* String+Extension.swift */ = {isa = PBXFileReference; lastKnownFileType = sourcecode.swift; path = "String+Extension.swift"; sourceTree = "<group>"; };
		5D59A6BC29980865007FA87C /* APIManager.swift */ = {isa = PBXFileReference; lastKnownFileType = sourcecode.swift; path = APIManager.swift; sourceTree = "<group>"; };
		5D59A6BE299808C3007FA87C /* HTTPServiceMethod.swift */ = {isa = PBXFileReference; lastKnownFileType = sourcecode.swift; path = HTTPServiceMethod.swift; sourceTree = "<group>"; };
		5D59A6C2299808EE007FA87C /* URLRequest+Extension.swift */ = {isa = PBXFileReference; lastKnownFileType = sourcecode.swift; path = "URLRequest+Extension.swift"; sourceTree = "<group>"; };
		5D59A6C42998095C007FA87C /* APIManagerError.swift */ = {isa = PBXFileReference; lastKnownFileType = sourcecode.swift; path = APIManagerError.swift; sourceTree = "<group>"; };
		5D59A6C6299809A0007FA87C /* HTTPURLResponse+Extension.swift */ = {isa = PBXFileReference; lastKnownFileType = sourcecode.swift; path = "HTTPURLResponse+Extension.swift"; sourceTree = "<group>"; };
		5D59A6C929980C68007FA87C /* NetworkRequest.swift */ = {isa = PBXFileReference; lastKnownFileType = sourcecode.swift; path = NetworkRequest.swift; sourceTree = "<group>"; };
		5D59A6CB29980CAB007FA87C /* Dictionary+Extension.swift */ = {isa = PBXFileReference; lastKnownFileType = sourcecode.swift; path = "Dictionary+Extension.swift"; sourceTree = "<group>"; };
		5D59A6CD29980D20007FA87C /* ServiceEndPoint.swift */ = {isa = PBXFileReference; lastKnownFileType = sourcecode.swift; path = ServiceEndPoint.swift; sourceTree = "<group>"; };
		5D59A6CF2998104B007FA87C /* NetworkRequestTest.swift */ = {isa = PBXFileReference; lastKnownFileType = sourcecode.swift; path = NetworkRequestTest.swift; sourceTree = "<group>"; };
		5D59A6D22998106D007FA87C /* MockServiceEndPoint.swift */ = {isa = PBXFileReference; lastKnownFileType = sourcecode.swift; path = MockServiceEndPoint.swift; sourceTree = "<group>"; };
		5D59A6D4299810A8007FA87C /* MockNetworkRequestPostFailure.swift */ = {isa = PBXFileReference; lastKnownFileType = sourcecode.swift; path = MockNetworkRequestPostFailure.swift; sourceTree = "<group>"; };
		5D5B18E2299BE3BE00549750 /* CommentsViewViewModelTest.swift */ = {isa = PBXFileReference; lastKnownFileType = sourcecode.swift; path = CommentsViewViewModelTest.swift; sourceTree = "<group>"; };
		5D5B18E4299BE42600549750 /* MockNetworkRequestCommentsSuccess.swift */ = {isa = PBXFileReference; lastKnownFileType = sourcecode.swift; path = MockNetworkRequestCommentsSuccess.swift; sourceTree = "<group>"; };
		5D5B18E6299BE48D00549750 /* Comments.json */ = {isa = PBXFileReference; lastKnownFileType = text.json; path = Comments.json; sourceTree = "<group>"; };
		5D5B18E8299BEAE700549750 /* MockNetworkRequestCommentsFailure.swift */ = {isa = PBXFileReference; lastKnownFileType = sourcecode.swift; path = MockNetworkRequestCommentsFailure.swift; sourceTree = "<group>"; };
		5D5B18EA299BF10D00549750 /* CommentsViewControllerTest.swift */ = {isa = PBXFileReference; lastKnownFileType = sourcecode.swift; path = CommentsViewControllerTest.swift; sourceTree = "<group>"; };
		5DF0FC48299A6C7000D2ED02 /* CommentsViewViewModelItem.swift */ = {isa = PBXFileReference; lastKnownFileType = sourcecode.swift; path = CommentsViewViewModelItem.swift; sourceTree = "<group>"; };
		5DF0FC4A299A722D00D2ED02 /* BaseViewController.swift */ = {isa = PBXFileReference; lastKnownFileType = sourcecode.swift; path = BaseViewController.swift; sourceTree = "<group>"; };
		5DF0FC4C299A748300D2ED02 /* CommentTableViewCell.swift */ = {isa = PBXFileReference; lastKnownFileType = sourcecode.swift; path = CommentTableViewCell.swift; sourceTree = "<group>"; };
		5DF0FC4E299A990200D2ED02 /* MockNetworkRequestPostSuccess.swift */ = {isa = PBXFileReference; lastKnownFileType = sourcecode.swift; path = MockNetworkRequestPostSuccess.swift; sourceTree = "<group>"; };
		5DF0FC50299A9D8900D2ED02 /* JSONLoader.swift */ = {isa = PBXFileReference; lastKnownFileType = sourcecode.swift; path = JSONLoader.swift; sourceTree = "<group>"; };
		5DF0FC53299AAC2B00D2ED02 /* MockNetworkRequestPostSuccessWithEmptyModel.swift */ = {isa = PBXFileReference; lastKnownFileType = sourcecode.swift; path = MockNetworkRequestPostSuccessWithEmptyModel.swift; sourceTree = "<group>"; };
/* End PBXFileReference section */

/* Begin PBXFrameworksBuildPhase section */
		5D59A6632997CDDE007FA87C /* Frameworks */ = {
			isa = PBXFrameworksBuildPhase;
			buildActionMask = 2147483647;
			files = (
			);
			runOnlyForDeploymentPostprocessing = 0;
		};
		5D59A67C2997CDDF007FA87C /* Frameworks */ = {
			isa = PBXFrameworksBuildPhase;
			buildActionMask = 2147483647;
			files = (
			);
			runOnlyForDeploymentPostprocessing = 0;
		};
		5D59A6862997CDDF007FA87C /* Frameworks */ = {
			isa = PBXFrameworksBuildPhase;
			buildActionMask = 2147483647;
			files = (
			);
			runOnlyForDeploymentPostprocessing = 0;
		};
/* End PBXFrameworksBuildPhase section */

/* Begin PBXGroup section */
		5D054A0C29992E7F00CCF4F5 /* APIManager */ = {
			isa = PBXGroup;
			children = (
				5D59A6BC29980865007FA87C /* APIManager.swift */,
				5D59A6BE299808C3007FA87C /* HTTPServiceMethod.swift */,
				5D59A6C42998095C007FA87C /* APIManagerError.swift */,
			);
			path = APIManager;
			sourceTree = "<group>";
		};
		5D054A0D29992E9000CCF4F5 /* CoreDataManager */ = {
			isa = PBXGroup;
			children = (
				5D054A0E29992E9C00CCF4F5 /* CoreDataManager.swift */,
			);
			path = CoreDataManager;
			sourceTree = "<group>";
		};
		5D054A1029992FE600CCF4F5 /* NetworkRequest */ = {
			isa = PBXGroup;
			children = (
				5D59A6C929980C68007FA87C /* NetworkRequest.swift */,
				5D59A6CD29980D20007FA87C /* ServiceEndPoint.swift */,
			);
			path = NetworkRequest;
			sourceTree = "<group>";
		};
		5D054A1129992FFC00CCF4F5 /* FavoritePostService */ = {
			isa = PBXGroup;
			children = (
				5D054A122999315E00CCF4F5 /* FavoritePostService.swift */,
			);
			path = FavoritePostService;
			sourceTree = "<group>";
		};
		5D054A1C2999A81400CCF4F5 /* ViewModel */ = {
			isa = PBXGroup;
			children = (
				5D054A1D2999A82500CCF4F5 /* LoginViewViewModel.swift */,
			);
			path = ViewModel;
			sourceTree = "<group>";
		};
		5D054A1F2999AA5800CCF4F5 /* LoginTest */ = {
			isa = PBXGroup;
			children = (
				5D054A202999AA7000CCF4F5 /* LoginViewViewModelTest.swift */,
				5D054A222999AD1600CCF4F5 /* LoginViewControllerTest.swift */,
			);
			path = LoginTest;
			sourceTree = "<group>";
		};
		5D054A242999B3D200CCF4F5 /* ViewModel */ = {
			isa = PBXGroup;
			children = (
				5D054A272999B3F600CCF4F5 /* CommentsViewViewModel.swift */,
				5DF0FC48299A6C7000D2ED02 /* CommentsViewViewModelItem.swift */,
			);
			path = ViewModel;
			sourceTree = "<group>";
		};
		5D054A252999B3DA00CCF4F5 /* Model */ = {
			isa = PBXGroup;
			children = (
				5D054A292999B40200CCF4F5 /* CommentModel.swift */,
			);
			path = Model;
			sourceTree = "<group>";
		};
		5D054A262999B3E700CCF4F5 /* View */ = {
			isa = PBXGroup;
			children = (
				5D054A2B2999B41700CCF4F5 /* CommentsViewController.swift */,
				5DF0FC4C299A748300D2ED02 /* CommentTableViewCell.swift */,
			);
			path = View;
			sourceTree = "<group>";
		};
		5D4E807029984D2F00D5745B /* Utilities */ = {
			isa = PBXGroup;
			children = (
				5D4E807129984D3700D5745B /* BaseTableViewCell.swift */,
				5DF0FC4A299A722D00D2ED02 /* BaseViewController.swift */,
			);
			path = Utilities;
			sourceTree = "<group>";
		};
		5D4E807D29987A2400D5745B /* Comments */ = {
			isa = PBXGroup;
			children = (
				5D054A262999B3E700CCF4F5 /* View */,
				5D054A252999B3DA00CCF4F5 /* Model */,
				5D054A242999B3D200CCF4F5 /* ViewModel */,
			);
			path = Comments;
			sourceTree = "<group>";
		};
		5D4E808229987C0D00D5745B /* MockJSON */ = {
			isa = PBXGroup;
			children = (
				5D4E808329987C2700D5745B /* Posts.json */,
				5D5B18E6299BE48D00549750 /* Comments.json */,
			);
			path = MockJSON;
			sourceTree = "<group>";
		};
		5D59A65D2997CDDE007FA87C = {
			isa = PBXGroup;
			children = (
				5D59A6682997CDDE007FA87C /* DeutscheBank */,
				5D59A6822997CDDF007FA87C /* DeutscheBankTests */,
				5D59A68C2997CDDF007FA87C /* DeutscheBankUITests */,
				5D59A6672997CDDE007FA87C /* Products */,
			);
			sourceTree = "<group>";
		};
		5D59A6672997CDDE007FA87C /* Products */ = {
			isa = PBXGroup;
			children = (
				5D59A6662997CDDE007FA87C /* DeutscheBank.app */,
				5D59A67F2997CDDF007FA87C /* DeutscheBankTests.xctest */,
				5D59A6892997CDDF007FA87C /* DeutscheBankUITests.xctest */,
			);
			name = Products;
			sourceTree = "<group>";
		};
		5D59A6682997CDDE007FA87C /* DeutscheBank */ = {
			isa = PBXGroup;
			children = (
				5D4E807029984D2F00D5745B /* Utilities */,
				5D59A6AC2997DAB7007FA87C /* Constants */,
				5D59A6A72997D3D4007FA87C /* Extensions */,
				5D59A6BB29980852007FA87C /* Managers */,
				5D59A6C829980BD9007FA87C /* Services */,
				5D59A69C2997CECA007FA87C /* AppDelegate */,
				5D59A69E2997D002007FA87C /* AppCoordinator */,
				5D59A6A12997D1D2007FA87C /* Login */,
				5D59A6B52997E8C3007FA87C /* Posts */,
				5D4E807D29987A2400D5745B /* Comments */,
				5D59A6752997CDDF007FA87C /* Assets.xcassets */,
				5D59A6772997CDDF007FA87C /* LaunchScreen.storyboard */,
				5D59A67A2997CDDF007FA87C /* Info.plist */,
				5D59A6722997CDDE007FA87C /* DeutscheBank.xcdatamodeld */,
			);
			path = DeutscheBank;
			sourceTree = "<group>";
		};
		5D59A6822997CDDF007FA87C /* DeutscheBankTests */ = {
			isa = PBXGroup;
			children = (
				5D59A6D129981062007FA87C /* Mock */,
				5DF0FC55299AEFB300D2ED02 /* Helper */,
				5D054A1F2999AA5800CCF4F5 /* LoginTest */,
				5DF0FC56299AF01700D2ED02 /* PostsView */,
				5D5B18E1299BE3A300549750 /* Comments */,
				5D59A6B12997E882007FA87C /* AppCoordinatorTest.swift */,
				5D59A6CF2998104B007FA87C /* NetworkRequestTest.swift */,
				5D4E807E29987BA400D5745B /* UIViewControllerExtensionTest.swift */,
				5D4E808029987BB700D5745B /* StringExtensionTest.swift */,
				5D054A1829993FC300CCF4F5 /* InMemoryCoreDataSaveFavoriteTest.swift */,
			);
			path = DeutscheBankTests;
			sourceTree = "<group>";
		};
		5D59A68C2997CDDF007FA87C /* DeutscheBankUITests */ = {
			isa = PBXGroup;
			children = (
				5D59A68D2997CDDF007FA87C /* DeutscheBankUITests.swift */,
				5D59A68F2997CDDF007FA87C /* DeutscheBankUITestsLaunchTests.swift */,
			);
			path = DeutscheBankUITests;
			sourceTree = "<group>";
		};
		5D59A69C2997CECA007FA87C /* AppDelegate */ = {
			isa = PBXGroup;
			children = (
				5D59A6692997CDDE007FA87C /* AppDelegate.swift */,
				5D59A66B2997CDDE007FA87C /* SceneDelegate.swift */,
			);
			path = AppDelegate;
			sourceTree = "<group>";
		};
		5D59A69E2997D002007FA87C /* AppCoordinator */ = {
			isa = PBXGroup;
			children = (
				5D59A69F2997D045007FA87C /* AppCoordinator.swift */,
			);
			path = AppCoordinator;
			sourceTree = "<group>";
		};
		5D59A6A12997D1D2007FA87C /* Login */ = {
			isa = PBXGroup;
			children = (
				5D054A1C2999A81400CCF4F5 /* ViewModel */,
				5D59A6A32997D2FF007FA87C /* Model */,
				5D59A6A22997D2D5007FA87C /* View */,
			);
			path = Login;
			sourceTree = "<group>";
		};
		5D59A6A22997D2D5007FA87C /* View */ = {
			isa = PBXGroup;
			children = (
				5D59A66D2997CDDE007FA87C /* LoginViewController.swift */,
			);
			path = View;
			sourceTree = "<group>";
		};
		5D59A6A32997D2FF007FA87C /* Model */ = {
			isa = PBXGroup;
			children = (
				5D59A6A52997D325007FA87C /* LoginUserModel.swift */,
			);
			path = Model;
			sourceTree = "<group>";
		};
		5D59A6A72997D3D4007FA87C /* Extensions */ = {
			isa = PBXGroup;
			children = (
				5D59A6A82997D3DF007FA87C /* UITextField+Extension.swift */,
				5D59A6AA2997D5FE007FA87C /* UIView+Extension.swift */,
				5D59A6AF2997E1A7007FA87C /* Color+Extension.swift */,
				5D59A6B92997EC40007FA87C /* String+Extension.swift */,
				5D59A6C2299808EE007FA87C /* URLRequest+Extension.swift */,
				5D59A6C6299809A0007FA87C /* HTTPURLResponse+Extension.swift */,
				5D59A6CB29980CAB007FA87C /* Dictionary+Extension.swift */,
				5D4E8079299863C300D5745B /* UIFont+Extension.swift */,
				5D4E807B2998708F00D5745B /* UIViewController+Extension.swift */,
				5D054A142999382500CCF4F5 /* Array+Extension.swift */,
			);
			path = Extensions;
			sourceTree = "<group>";
		};
		5D59A6AC2997DAB7007FA87C /* Constants */ = {
			isa = PBXGroup;
			children = (
				5D59A6AD2997DACF007FA87C /* AppConstants.swift */,
			);
			path = Constants;
			sourceTree = "<group>";
		};
		5D59A6B52997E8C3007FA87C /* Posts */ = {
			isa = PBXGroup;
			children = (
				5D59A6B72997E8DC007FA87C /* Model */,
				5D59A6B82997E8E5007FA87C /* ViewModel */,
				5D59A6B62997E8D5007FA87C /* View */,
			);
			path = Posts;
			sourceTree = "<group>";
		};
		5D59A6B62997E8D5007FA87C /* View */ = {
			isa = PBXGroup;
			children = (
				5D4E806C2998495F00D5745B /* PostListViewController.swift */,
				5D4E807329984D7500D5745B /* PostTableViewCell.swift */,
			);
			path = View;
			sourceTree = "<group>";
		};
		5D59A6B72997E8DC007FA87C /* Model */ = {
			isa = PBXGroup;
			children = (
				5D4E806A299845C800D5745B /* PostModel.swift */,
			);
			path = Model;
			sourceTree = "<group>";
		};
		5D59A6B82997E8E5007FA87C /* ViewModel */ = {
			isa = PBXGroup;
			children = (
				5D4E80682998445300D5745B /* PostsViewViewModel.swift */,
				5D4E806E29984A1800D5745B /* PostViewModelItem.swift */,
			);
			path = ViewModel;
			sourceTree = "<group>";
		};
		5D59A6BB29980852007FA87C /* Managers */ = {
			isa = PBXGroup;
			children = (
				5D054A0D29992E9000CCF4F5 /* CoreDataManager */,
				5D054A0C29992E7F00CCF4F5 /* APIManager */,
			);
			path = Managers;
			sourceTree = "<group>";
		};
		5D59A6C829980BD9007FA87C /* Services */ = {
			isa = PBXGroup;
			children = (
				5D054A1129992FFC00CCF4F5 /* FavoritePostService */,
				5D054A1029992FE600CCF4F5 /* NetworkRequest */,
			);
			path = Services;
			sourceTree = "<group>";
		};
		5D59A6D129981062007FA87C /* Mock */ = {
			isa = PBXGroup;
			children = (
				5D4E808229987C0D00D5745B /* MockJSON */,
				5D59A6D22998106D007FA87C /* MockServiceEndPoint.swift */,
				5DF0FC4E299A990200D2ED02 /* MockNetworkRequestPostSuccess.swift */,
				5D59A6D4299810A8007FA87C /* MockNetworkRequestPostFailure.swift */,
				5D054A1A29996B2100CCF4F5 /* UINavigationControllerMock.swift */,
				5DF0FC53299AAC2B00D2ED02 /* MockNetworkRequestPostSuccessWithEmptyModel.swift */,
				5D5B18E4299BE42600549750 /* MockNetworkRequestCommentsSuccess.swift */,
				5D5B18E8299BEAE700549750 /* MockNetworkRequestCommentsFailure.swift */,
			);
			path = Mock;
			sourceTree = "<group>";
		};
		5D5B18E1299BE3A300549750 /* Comments */ = {
			isa = PBXGroup;
			children = (
				5D5B18E2299BE3BE00549750 /* CommentsViewViewModelTest.swift */,
				5D5B18EA299BF10D00549750 /* CommentsViewControllerTest.swift */,
			);
			path = Comments;
			sourceTree = "<group>";
		};
		5DF0FC55299AEFB300D2ED02 /* Helper */ = {
			isa = PBXGroup;
			children = (
				5D054A1629993F9800CCF4F5 /* CoreDataStackInMemory.swift */,
				5DF0FC50299A9D8900D2ED02 /* JSONLoader.swift */,
			);
			path = Helper;
			sourceTree = "<group>";
		};
		5DF0FC56299AF01700D2ED02 /* PostsView */ = {
			isa = PBXGroup;
			children = (
				5D4E807729985F1300D5745B /* PostListViewControllerTest.swift */,
				5D52CF86299AFAF100127AC3 /* PostViewViewModelTest.swift */,
			);
			path = PostsView;
			sourceTree = "<group>";
		};
/* End PBXGroup section */

/* Begin PBXNativeTarget section */
		5D59A6652997CDDE007FA87C /* DeutscheBank */ = {
			isa = PBXNativeTarget;
			buildConfigurationList = 5D59A6932997CDDF007FA87C /* Build configuration list for PBXNativeTarget "DeutscheBank" */;
			buildPhases = (
				5D59A6622997CDDE007FA87C /* Sources */,
				5D59A6632997CDDE007FA87C /* Frameworks */,
				5D59A6642997CDDE007FA87C /* Resources */,
				5D59A69D2997CF19007FA87C /* ShellScript */,
			);
			buildRules = (
			);
			dependencies = (
			);
			name = DeutscheBank;
			productName = DeutscheBank;
			productReference = 5D59A6662997CDDE007FA87C /* DeutscheBank.app */;
			productType = "com.apple.product-type.application";
		};
		5D59A67E2997CDDF007FA87C /* DeutscheBankTests */ = {
			isa = PBXNativeTarget;
			buildConfigurationList = 5D59A6962997CDDF007FA87C /* Build configuration list for PBXNativeTarget "DeutscheBankTests" */;
			buildPhases = (
				5D59A67B2997CDDF007FA87C /* Sources */,
				5D59A67C2997CDDF007FA87C /* Frameworks */,
				5D59A67D2997CDDF007FA87C /* Resources */,
			);
			buildRules = (
			);
			dependencies = (
				5D59A6812997CDDF007FA87C /* PBXTargetDependency */,
			);
			name = DeutscheBankTests;
			productName = DeutscheBankTests;
			productReference = 5D59A67F2997CDDF007FA87C /* DeutscheBankTests.xctest */;
			productType = "com.apple.product-type.bundle.unit-test";
		};
		5D59A6882997CDDF007FA87C /* DeutscheBankUITests */ = {
			isa = PBXNativeTarget;
			buildConfigurationList = 5D59A6992997CDDF007FA87C /* Build configuration list for PBXNativeTarget "DeutscheBankUITests" */;
			buildPhases = (
				5D59A6852997CDDF007FA87C /* Sources */,
				5D59A6862997CDDF007FA87C /* Frameworks */,
				5D59A6872997CDDF007FA87C /* Resources */,
			);
			buildRules = (
			);
			dependencies = (
				5D59A68B2997CDDF007FA87C /* PBXTargetDependency */,
			);
			name = DeutscheBankUITests;
			productName = DeutscheBankUITests;
			productReference = 5D59A6892997CDDF007FA87C /* DeutscheBankUITests.xctest */;
			productType = "com.apple.product-type.bundle.ui-testing";
		};
/* End PBXNativeTarget section */

/* Begin PBXProject section */
		5D59A65E2997CDDE007FA87C /* Project object */ = {
			isa = PBXProject;
			attributes = {
				BuildIndependentTargetsInParallel = 1;
				LastSwiftUpdateCheck = 1420;
				LastUpgradeCheck = 1420;
				TargetAttributes = {
					5D59A6652997CDDE007FA87C = {
						CreatedOnToolsVersion = 14.2;
					};
					5D59A67E2997CDDF007FA87C = {
						CreatedOnToolsVersion = 14.2;
						TestTargetID = 5D59A6652997CDDE007FA87C;
					};
					5D59A6882997CDDF007FA87C = {
						CreatedOnToolsVersion = 14.2;
						TestTargetID = 5D59A6652997CDDE007FA87C;
					};
				};
			};
			buildConfigurationList = 5D59A6612997CDDE007FA87C /* Build configuration list for PBXProject "DeutscheBank" */;
			compatibilityVersion = "Xcode 14.0";
			developmentRegion = en;
			hasScannedForEncodings = 0;
			knownRegions = (
				en,
				Base,
			);
			mainGroup = 5D59A65D2997CDDE007FA87C;
			productRefGroup = 5D59A6672997CDDE007FA87C /* Products */;
			projectDirPath = "";
			projectRoot = "";
			targets = (
				5D59A6652997CDDE007FA87C /* DeutscheBank */,
				5D59A67E2997CDDF007FA87C /* DeutscheBankTests */,
				5D59A6882997CDDF007FA87C /* DeutscheBankUITests */,
			);
		};
/* End PBXProject section */

/* Begin PBXResourcesBuildPhase section */
		5D59A6642997CDDE007FA87C /* Resources */ = {
			isa = PBXResourcesBuildPhase;
			buildActionMask = 2147483647;
			files = (
				5D59A6792997CDDF007FA87C /* LaunchScreen.storyboard in Resources */,
				5D59A6762997CDDF007FA87C /* Assets.xcassets in Resources */,
			);
			runOnlyForDeploymentPostprocessing = 0;
		};
		5D59A67D2997CDDF007FA87C /* Resources */ = {
			isa = PBXResourcesBuildPhase;
			buildActionMask = 2147483647;
			files = (
				5DF0FC52299AA03300D2ED02 /* Posts.json in Resources */,
				5D5B18E7299BE48D00549750 /* Comments.json in Resources */,
			);
			runOnlyForDeploymentPostprocessing = 0;
		};
		5D59A6872997CDDF007FA87C /* Resources */ = {
			isa = PBXResourcesBuildPhase;
			buildActionMask = 2147483647;
			files = (
			);
			runOnlyForDeploymentPostprocessing = 0;
		};
/* End PBXResourcesBuildPhase section */

/* Begin PBXShellScriptBuildPhase section */
		5D59A69D2997CF19007FA87C /* ShellScript */ = {
			isa = PBXShellScriptBuildPhase;
			buildActionMask = 2147483647;
			files = (
			);
			inputFileListPaths = (
			);
			inputPaths = (
			);
			outputFileListPaths = (
			);
			outputPaths = (
			);
			runOnlyForDeploymentPostprocessing = 0;
			shellPath = /bin/sh;
			shellScript = "# Type a script or drag a script file from your workspace to insert its path.\n";
		};
/* End PBXShellScriptBuildPhase section */

/* Begin PBXSourcesBuildPhase section */
		5D59A6622997CDDE007FA87C /* Sources */ = {
			isa = PBXSourcesBuildPhase;
			buildActionMask = 2147483647;
			files = (
				5D4E807C2998708F00D5745B /* UIViewController+Extension.swift in Sources */,
				5DF0FC49299A6C7000D2ED02 /* CommentsViewViewModelItem.swift in Sources */,
				5D4E806D2998495F00D5745B /* PostListViewController.swift in Sources */,
				5D59A6A62997D325007FA87C /* LoginUserModel.swift in Sources */,
				5D054A282999B3F600CCF4F5 /* CommentsViewViewModel.swift in Sources */,
				5DF0FC4B299A722D00D2ED02 /* BaseViewController.swift in Sources */,
				5D59A6BA2997EC40007FA87C /* String+Extension.swift in Sources */,
				5D59A6B02997E1A8007FA87C /* Color+Extension.swift in Sources */,
				5D054A132999315E00CCF4F5 /* FavoritePostService.swift in Sources */,
				5D054A2A2999B40200CCF4F5 /* CommentModel.swift in Sources */,
				5D4E80692998445300D5745B /* PostsViewViewModel.swift in Sources */,
				5D59A6AE2997DACF007FA87C /* AppConstants.swift in Sources */,
				5D054A1E2999A82500CCF4F5 /* LoginViewViewModel.swift in Sources */,
				5D59A6C7299809A0007FA87C /* HTTPURLResponse+Extension.swift in Sources */,
				5D59A6CC29980CAB007FA87C /* Dictionary+Extension.swift in Sources */,
				5D59A66E2997CDDE007FA87C /* LoginViewController.swift in Sources */,
				5D59A6AB2997D5FE007FA87C /* UIView+Extension.swift in Sources */,
				5D4E807A299863C300D5745B /* UIFont+Extension.swift in Sources */,
				5D59A6C52998095C007FA87C /* APIManagerError.swift in Sources */,
				5D4E806B299845C800D5745B /* PostModel.swift in Sources */,
				5D59A6A92997D3DF007FA87C /* UITextField+Extension.swift in Sources */,
				5D59A6CE29980D20007FA87C /* ServiceEndPoint.swift in Sources */,
				5D054A2C2999B41700CCF4F5 /* CommentsViewController.swift in Sources */,
				5D59A66A2997CDDE007FA87C /* AppDelegate.swift in Sources */,
				5D59A6BF299808C3007FA87C /* HTTPServiceMethod.swift in Sources */,
				5D4E807229984D3700D5745B /* BaseTableViewCell.swift in Sources */,
				5D4E807429984D7500D5745B /* PostTableViewCell.swift in Sources */,
				5D054A152999382500CCF4F5 /* Array+Extension.swift in Sources */,
				5D4E806F29984A1800D5745B /* PostViewModelItem.swift in Sources */,
				5D59A6A02997D045007FA87C /* AppCoordinator.swift in Sources */,
				5D59A6C3299808EE007FA87C /* URLRequest+Extension.swift in Sources */,
				5D59A6742997CDDE007FA87C /* DeutscheBank.xcdatamodeld in Sources */,
				5D59A66C2997CDDE007FA87C /* SceneDelegate.swift in Sources */,
				5D59A6BD29980865007FA87C /* APIManager.swift in Sources */,
				5D054A0F29992E9C00CCF4F5 /* CoreDataManager.swift in Sources */,
				5D59A6CA29980C68007FA87C /* NetworkRequest.swift in Sources */,
				5DF0FC4D299A748300D2ED02 /* CommentTableViewCell.swift in Sources */,
			);
			runOnlyForDeploymentPostprocessing = 0;
		};
		5D59A67B2997CDDF007FA87C /* Sources */ = {
			isa = PBXSourcesBuildPhase;
			buildActionMask = 2147483647;
			files = (
				5D4E808129987BB700D5745B /* StringExtensionTest.swift in Sources */,
				5D4E807829985F1300D5745B /* PostListViewControllerTest.swift in Sources */,
				5D054A1729993F9800CCF4F5 /* CoreDataStackInMemory.swift in Sources */,
				5D59A6D5299810A8007FA87C /* MockNetworkRequestPostFailure.swift in Sources */,
				5DF0FC54299AAC2B00D2ED02 /* MockNetworkRequestPostSuccessWithEmptyModel.swift in Sources */,
				5D59A6B22997E882007FA87C /* AppCoordinatorTest.swift in Sources */,
				5D5B18E9299BEAE700549750 /* MockNetworkRequestCommentsFailure.swift in Sources */,
				5D4E807F29987BA400D5745B /* UIViewControllerExtensionTest.swift in Sources */,
				5D5B18EB299BF10D00549750 /* CommentsViewControllerTest.swift in Sources */,
				5D054A1B29996B2100CCF4F5 /* UINavigationControllerMock.swift in Sources */,
				5D5B18E5299BE42600549750 /* MockNetworkRequestCommentsSuccess.swift in Sources */,
				5D59A6D02998104B007FA87C /* NetworkRequestTest.swift in Sources */,
				5D52CF87299AFAF100127AC3 /* PostViewViewModelTest.swift in Sources */,
				5D59A6D32998106D007FA87C /* MockServiceEndPoint.swift in Sources */,
				5DF0FC4F299A990200D2ED02 /* MockNetworkRequestPostSuccess.swift in Sources */,
				5D5B18E3299BE3BE00549750 /* CommentsViewViewModelTest.swift in Sources */,
				5DF0FC51299A9D8900D2ED02 /* JSONLoader.swift in Sources */,
				5D054A232999AD1600CCF4F5 /* LoginViewControllerTest.swift in Sources */,
				5D054A1929993FC300CCF4F5 /* InMemoryCoreDataSaveFavoriteTest.swift in Sources */,
				5D054A212999AA7000CCF4F5 /* LoginViewViewModelTest.swift in Sources */,
			);
			runOnlyForDeploymentPostprocessing = 0;
		};
		5D59A6852997CDDF007FA87C /* Sources */ = {
			isa = PBXSourcesBuildPhase;
			buildActionMask = 2147483647;
			files = (
				5D59A68E2997CDDF007FA87C /* DeutscheBankUITests.swift in Sources */,
				5D59A6902997CDDF007FA87C /* DeutscheBankUITestsLaunchTests.swift in Sources */,
			);
			runOnlyForDeploymentPostprocessing = 0;
		};
/* End PBXSourcesBuildPhase section */

/* Begin PBXTargetDependency section */
		5D59A6812997CDDF007FA87C /* PBXTargetDependency */ = {
			isa = PBXTargetDependency;
			target = 5D59A6652997CDDE007FA87C /* DeutscheBank */;
			targetProxy = 5D59A6802997CDDF007FA87C /* PBXContainerItemProxy */;
		};
		5D59A68B2997CDDF007FA87C /* PBXTargetDependency */ = {
			isa = PBXTargetDependency;
			target = 5D59A6652997CDDE007FA87C /* DeutscheBank */;
			targetProxy = 5D59A68A2997CDDF007FA87C /* PBXContainerItemProxy */;
		};
/* End PBXTargetDependency section */

/* Begin PBXVariantGroup section */
		5D59A6772997CDDF007FA87C /* LaunchScreen.storyboard */ = {
			isa = PBXVariantGroup;
			children = (
				5D59A6782997CDDF007FA87C /* Base */,
			);
			name = LaunchScreen.storyboard;
			sourceTree = "<group>";
		};
/* End PBXVariantGroup section */

/* Begin XCBuildConfiguration section */
		5D59A6912997CDDF007FA87C /* Debug */ = {
			isa = XCBuildConfiguration;
			buildSettings = {
				ALWAYS_SEARCH_USER_PATHS = NO;
				CLANG_ANALYZER_NONNULL = YES;
				CLANG_ANALYZER_NUMBER_OBJECT_CONVERSION = YES_AGGRESSIVE;
				CLANG_CXX_LANGUAGE_STANDARD = "gnu++20";
				CLANG_ENABLE_MODULES = YES;
				CLANG_ENABLE_OBJC_ARC = YES;
				CLANG_ENABLE_OBJC_WEAK = YES;
				CLANG_WARN_BLOCK_CAPTURE_AUTORELEASING = YES;
				CLANG_WARN_BOOL_CONVERSION = YES;
				CLANG_WARN_COMMA = YES;
				CLANG_WARN_CONSTANT_CONVERSION = YES;
				CLANG_WARN_DEPRECATED_OBJC_IMPLEMENTATIONS = YES;
				CLANG_WARN_DIRECT_OBJC_ISA_USAGE = YES_ERROR;
				CLANG_WARN_DOCUMENTATION_COMMENTS = YES;
				CLANG_WARN_EMPTY_BODY = YES;
				CLANG_WARN_ENUM_CONVERSION = YES;
				CLANG_WARN_INFINITE_RECURSION = YES;
				CLANG_WARN_INT_CONVERSION = YES;
				CLANG_WARN_NON_LITERAL_NULL_CONVERSION = YES;
				CLANG_WARN_OBJC_IMPLICIT_RETAIN_SELF = YES;
				CLANG_WARN_OBJC_LITERAL_CONVERSION = YES;
				CLANG_WARN_OBJC_ROOT_CLASS = YES_ERROR;
				CLANG_WARN_QUOTED_INCLUDE_IN_FRAMEWORK_HEADER = YES;
				CLANG_WARN_RANGE_LOOP_ANALYSIS = YES;
				CLANG_WARN_STRICT_PROTOTYPES = YES;
				CLANG_WARN_SUSPICIOUS_MOVE = YES;
				CLANG_WARN_UNGUARDED_AVAILABILITY = YES_AGGRESSIVE;
				CLANG_WARN_UNREACHABLE_CODE = YES;
				CLANG_WARN__DUPLICATE_METHOD_MATCH = YES;
				COPY_PHASE_STRIP = NO;
				DEBUG_INFORMATION_FORMAT = dwarf;
				ENABLE_STRICT_OBJC_MSGSEND = YES;
				ENABLE_TESTABILITY = YES;
				GCC_C_LANGUAGE_STANDARD = gnu11;
				GCC_DYNAMIC_NO_PIC = NO;
				GCC_NO_COMMON_BLOCKS = YES;
				GCC_OPTIMIZATION_LEVEL = 0;
				GCC_PREPROCESSOR_DEFINITIONS = (
					"DEBUG=1",
					"$(inherited)",
				);
				GCC_WARN_64_TO_32_BIT_CONVERSION = YES;
				GCC_WARN_ABOUT_RETURN_TYPE = YES_ERROR;
				GCC_WARN_UNDECLARED_SELECTOR = YES;
				GCC_WARN_UNINITIALIZED_AUTOS = YES_AGGRESSIVE;
				GCC_WARN_UNUSED_FUNCTION = YES;
				GCC_WARN_UNUSED_VARIABLE = YES;
				IPHONEOS_DEPLOYMENT_TARGET = 16.2;
				MTL_ENABLE_DEBUG_INFO = INCLUDE_SOURCE;
				MTL_FAST_MATH = YES;
				ONLY_ACTIVE_ARCH = YES;
				SDKROOT = iphoneos;
				SWIFT_ACTIVE_COMPILATION_CONDITIONS = DEBUG;
				SWIFT_OPTIMIZATION_LEVEL = "-Onone";
			};
			name = Debug;
		};
		5D59A6922997CDDF007FA87C /* Release */ = {
			isa = XCBuildConfiguration;
			buildSettings = {
				ALWAYS_SEARCH_USER_PATHS = NO;
				CLANG_ANALYZER_NONNULL = YES;
				CLANG_ANALYZER_NUMBER_OBJECT_CONVERSION = YES_AGGRESSIVE;
				CLANG_CXX_LANGUAGE_STANDARD = "gnu++20";
				CLANG_ENABLE_MODULES = YES;
				CLANG_ENABLE_OBJC_ARC = YES;
				CLANG_ENABLE_OBJC_WEAK = YES;
				CLANG_WARN_BLOCK_CAPTURE_AUTORELEASING = YES;
				CLANG_WARN_BOOL_CONVERSION = YES;
				CLANG_WARN_COMMA = YES;
				CLANG_WARN_CONSTANT_CONVERSION = YES;
				CLANG_WARN_DEPRECATED_OBJC_IMPLEMENTATIONS = YES;
				CLANG_WARN_DIRECT_OBJC_ISA_USAGE = YES_ERROR;
				CLANG_WARN_DOCUMENTATION_COMMENTS = YES;
				CLANG_WARN_EMPTY_BODY = YES;
				CLANG_WARN_ENUM_CONVERSION = YES;
				CLANG_WARN_INFINITE_RECURSION = YES;
				CLANG_WARN_INT_CONVERSION = YES;
				CLANG_WARN_NON_LITERAL_NULL_CONVERSION = YES;
				CLANG_WARN_OBJC_IMPLICIT_RETAIN_SELF = YES;
				CLANG_WARN_OBJC_LITERAL_CONVERSION = YES;
				CLANG_WARN_OBJC_ROOT_CLASS = YES_ERROR;
				CLANG_WARN_QUOTED_INCLUDE_IN_FRAMEWORK_HEADER = YES;
				CLANG_WARN_RANGE_LOOP_ANALYSIS = YES;
				CLANG_WARN_STRICT_PROTOTYPES = YES;
				CLANG_WARN_SUSPICIOUS_MOVE = YES;
				CLANG_WARN_UNGUARDED_AVAILABILITY = YES_AGGRESSIVE;
				CLANG_WARN_UNREACHABLE_CODE = YES;
				CLANG_WARN__DUPLICATE_METHOD_MATCH = YES;
				COPY_PHASE_STRIP = NO;
				DEBUG_INFORMATION_FORMAT = "dwarf-with-dsym";
				ENABLE_NS_ASSERTIONS = NO;
				ENABLE_STRICT_OBJC_MSGSEND = YES;
				GCC_C_LANGUAGE_STANDARD = gnu11;
				GCC_NO_COMMON_BLOCKS = YES;
				GCC_WARN_64_TO_32_BIT_CONVERSION = YES;
				GCC_WARN_ABOUT_RETURN_TYPE = YES_ERROR;
				GCC_WARN_UNDECLARED_SELECTOR = YES;
				GCC_WARN_UNINITIALIZED_AUTOS = YES_AGGRESSIVE;
				GCC_WARN_UNUSED_FUNCTION = YES;
				GCC_WARN_UNUSED_VARIABLE = YES;
				IPHONEOS_DEPLOYMENT_TARGET = 16.2;
				MTL_ENABLE_DEBUG_INFO = NO;
				MTL_FAST_MATH = YES;
				SDKROOT = iphoneos;
				SWIFT_COMPILATION_MODE = wholemodule;
				SWIFT_OPTIMIZATION_LEVEL = "-O";
				VALIDATE_PRODUCT = YES;
			};
			name = Release;
		};
		5D59A6942997CDDF007FA87C /* Debug */ = {
			isa = XCBuildConfiguration;
			buildSettings = {
				ASSETCATALOG_COMPILER_APPICON_NAME = AppIcon;
				ASSETCATALOG_COMPILER_GLOBAL_ACCENT_COLOR_NAME = AccentColor;
				CODE_SIGN_STYLE = Automatic;
				CURRENT_PROJECT_VERSION = 1;
				GENERATE_INFOPLIST_FILE = YES;
				INFOPLIST_FILE = DeutscheBank/Info.plist;
				INFOPLIST_KEY_UIApplicationSupportsIndirectInputEvents = YES;
				INFOPLIST_KEY_UILaunchStoryboardName = LaunchScreen.storyboard;
				INFOPLIST_KEY_UISupportedInterfaceOrientations_iPad = "UIInterfaceOrientationPortrait UIInterfaceOrientationPortraitUpsideDown UIInterfaceOrientationLandscapeLeft UIInterfaceOrientationLandscapeRight";
				INFOPLIST_KEY_UISupportedInterfaceOrientations_iPhone = "UIInterfaceOrientationPortrait UIInterfaceOrientationLandscapeLeft UIInterfaceOrientationLandscapeRight";
				LD_RUNPATH_SEARCH_PATHS = (
					"$(inherited)",
					"@executable_path/Frameworks",
				);
				MARKETING_VERSION = 1.0;
				PRODUCT_BUNDLE_IDENTIFIER = com.learning.swiftui.DeutscheBank;
				PRODUCT_NAME = "$(TARGET_NAME)";
				SWIFT_EMIT_LOC_STRINGS = YES;
				SWIFT_VERSION = 5.0;
				TARGETED_DEVICE_FAMILY = "1,2";
			};
			name = Debug;
		};
		5D59A6952997CDDF007FA87C /* Release */ = {
			isa = XCBuildConfiguration;
			buildSettings = {
				ASSETCATALOG_COMPILER_APPICON_NAME = AppIcon;
				ASSETCATALOG_COMPILER_GLOBAL_ACCENT_COLOR_NAME = AccentColor;
				CODE_SIGN_STYLE = Automatic;
				CURRENT_PROJECT_VERSION = 1;
				GENERATE_INFOPLIST_FILE = YES;
				INFOPLIST_FILE = DeutscheBank/Info.plist;
				INFOPLIST_KEY_UIApplicationSupportsIndirectInputEvents = YES;
				INFOPLIST_KEY_UILaunchStoryboardName = LaunchScreen.storyboard;
				INFOPLIST_KEY_UISupportedInterfaceOrientations_iPad = "UIInterfaceOrientationPortrait UIInterfaceOrientationPortraitUpsideDown UIInterfaceOrientationLandscapeLeft UIInterfaceOrientationLandscapeRight";
				INFOPLIST_KEY_UISupportedInterfaceOrientations_iPhone = "UIInterfaceOrientationPortrait UIInterfaceOrientationLandscapeLeft UIInterfaceOrientationLandscapeRight";
				LD_RUNPATH_SEARCH_PATHS = (
					"$(inherited)",
					"@executable_path/Frameworks",
				);
				MARKETING_VERSION = 1.0;
				PRODUCT_BUNDLE_IDENTIFIER = com.learning.swiftui.DeutscheBank;
				PRODUCT_NAME = "$(TARGET_NAME)";
				SWIFT_EMIT_LOC_STRINGS = YES;
				SWIFT_VERSION = 5.0;
				TARGETED_DEVICE_FAMILY = "1,2";
			};
			name = Release;
		};
		5D59A6972997CDDF007FA87C /* Debug */ = {
			isa = XCBuildConfiguration;
			buildSettings = {
				ALWAYS_EMBED_SWIFT_STANDARD_LIBRARIES = YES;
				BUNDLE_LOADER = "$(TEST_HOST)";
				CODE_SIGN_STYLE = Automatic;
				CURRENT_PROJECT_VERSION = 1;
				GENERATE_INFOPLIST_FILE = YES;
				IPHONEOS_DEPLOYMENT_TARGET = 16.2;
				MARKETING_VERSION = 1.0;
				PRODUCT_BUNDLE_IDENTIFIER = com.learning.swiftui.DeutscheBankTests;
				PRODUCT_NAME = "$(TARGET_NAME)";
				SWIFT_EMIT_LOC_STRINGS = NO;
				SWIFT_VERSION = 5.0;
				TARGETED_DEVICE_FAMILY = "1,2";
				TEST_HOST = "$(BUILT_PRODUCTS_DIR)/DeutscheBank.app/$(BUNDLE_EXECUTABLE_FOLDER_PATH)/DeutscheBank";
			};
			name = Debug;
		};
		5D59A6982997CDDF007FA87C /* Release */ = {
			isa = XCBuildConfiguration;
			buildSettings = {
				ALWAYS_EMBED_SWIFT_STANDARD_LIBRARIES = YES;
				BUNDLE_LOADER = "$(TEST_HOST)";
				CODE_SIGN_STYLE = Automatic;
				CURRENT_PROJECT_VERSION = 1;
				GENERATE_INFOPLIST_FILE = YES;
				IPHONEOS_DEPLOYMENT_TARGET = 16.2;
				MARKETING_VERSION = 1.0;
				PRODUCT_BUNDLE_IDENTIFIER = com.learning.swiftui.DeutscheBankTests;
				PRODUCT_NAME = "$(TARGET_NAME)";
				SWIFT_EMIT_LOC_STRINGS = NO;
				SWIFT_VERSION = 5.0;
				TARGETED_DEVICE_FAMILY = "1,2";
				TEST_HOST = "$(BUILT_PRODUCTS_DIR)/DeutscheBank.app/$(BUNDLE_EXECUTABLE_FOLDER_PATH)/DeutscheBank";
			};
			name = Release;
		};
		5D59A69A2997CDDF007FA87C /* Debug */ = {
			isa = XCBuildConfiguration;
			buildSettings = {
				ALWAYS_EMBED_SWIFT_STANDARD_LIBRARIES = YES;
				CODE_SIGN_STYLE = Automatic;
				CURRENT_PROJECT_VERSION = 1;
				GENERATE_INFOPLIST_FILE = YES;
				MARKETING_VERSION = 1.0;
				PRODUCT_BUNDLE_IDENTIFIER = com.learning.swiftui.DeutscheBankUITests;
				PRODUCT_NAME = "$(TARGET_NAME)";
				SWIFT_EMIT_LOC_STRINGS = NO;
				SWIFT_VERSION = 5.0;
				TARGETED_DEVICE_FAMILY = "1,2";
				TEST_TARGET_NAME = DeutscheBank;
			};
			name = Debug;
		};
		5D59A69B2997CDDF007FA87C /* Release */ = {
			isa = XCBuildConfiguration;
			buildSettings = {
				ALWAYS_EMBED_SWIFT_STANDARD_LIBRARIES = YES;
				CODE_SIGN_STYLE = Automatic;
				CURRENT_PROJECT_VERSION = 1;
				GENERATE_INFOPLIST_FILE = YES;
				MARKETING_VERSION = 1.0;
				PRODUCT_BUNDLE_IDENTIFIER = com.learning.swiftui.DeutscheBankUITests;
				PRODUCT_NAME = "$(TARGET_NAME)";
				SWIFT_EMIT_LOC_STRINGS = NO;
				SWIFT_VERSION = 5.0;
				TARGETED_DEVICE_FAMILY = "1,2";
				TEST_TARGET_NAME = DeutscheBank;
			};
			name = Release;
		};
/* End XCBuildConfiguration section */

/* Begin XCConfigurationList section */
		5D59A6612997CDDE007FA87C /* Build configuration list for PBXProject "DeutscheBank" */ = {
			isa = XCConfigurationList;
			buildConfigurations = (
				5D59A6912997CDDF007FA87C /* Debug */,
				5D59A6922997CDDF007FA87C /* Release */,
			);
			defaultConfigurationIsVisible = 0;
			defaultConfigurationName = Release;
		};
		5D59A6932997CDDF007FA87C /* Build configuration list for PBXNativeTarget "DeutscheBank" */ = {
			isa = XCConfigurationList;
			buildConfigurations = (
				5D59A6942997CDDF007FA87C /* Debug */,
				5D59A6952997CDDF007FA87C /* Release */,
			);
			defaultConfigurationIsVisible = 0;
			defaultConfigurationName = Release;
		};
		5D59A6962997CDDF007FA87C /* Build configuration list for PBXNativeTarget "DeutscheBankTests" */ = {
			isa = XCConfigurationList;
			buildConfigurations = (
				5D59A6972997CDDF007FA87C /* Debug */,
				5D59A6982997CDDF007FA87C /* Release */,
			);
			defaultConfigurationIsVisible = 0;
			defaultConfigurationName = Release;
		};
		5D59A6992997CDDF007FA87C /* Build configuration list for PBXNativeTarget "DeutscheBankUITests" */ = {
			isa = XCConfigurationList;
			buildConfigurations = (
				5D59A69A2997CDDF007FA87C /* Debug */,
				5D59A69B2997CDDF007FA87C /* Release */,
			);
			defaultConfigurationIsVisible = 0;
			defaultConfigurationName = Release;
		};
/* End XCConfigurationList section */

/* Begin XCVersionGroup section */
		5D59A6722997CDDE007FA87C /* DeutscheBank.xcdatamodeld */ = {
			isa = XCVersionGroup;
			children = (
				5D59A6732997CDDE007FA87C /* DeutscheBank.xcdatamodel */,
			);
			currentVersion = 5D59A6732997CDDE007FA87C /* DeutscheBank.xcdatamodel */;
			path = DeutscheBank.xcdatamodeld;
			sourceTree = "<group>";
			versionGroupType = wrapper.xcdatamodel;
		};
/* End XCVersionGroup section */
	};
	rootObject = 5D59A65E2997CDDE007FA87C /* Project object */;
}
